// !$*UTF8*$!
{
	archiveVersion = 1;
	classes = {
	};
	objectVersion = 55;
	objects = {

/* Begin PBXBuildFile section */
		CE2C77C0290159E700D2F15F /* HighKnee_Squad.mlmodel in Sources */ = {isa = PBXBuildFile; fileRef = CE2C77BF290159E700D2F15F /* HighKnee_Squad.mlmodel */; };
		CE2C77C229015D9D00D2F15F /* CGPoint+.swift in Sources */ = {isa = PBXBuildFile; fileRef = CE2C77C129015D9D00D2F15F /* CGPoint+.swift */; };
		CE2C77C6290345C700D2F15F /* HighKnee_Squad_1.2.mlmodel in Sources */ = {isa = PBXBuildFile; fileRef = CE2C77C5290345C700D2F15F /* HighKnee_Squad_1.2.mlmodel */; };
		CE2C77C82903481100D2F15F /* Logger.swift in Sources */ = {isa = PBXBuildFile; fileRef = CE2C77C72903481100D2F15F /* Logger.swift */; };
		CE2C77CA2904C69200D2F15F /* HighKnee_Squad_1.2d.mlmodel in Sources */ = {isa = PBXBuildFile; fileRef = CE2C77C92904C69100D2F15F /* HighKnee_Squad_1.2d.mlmodel */; };
		CE939D7C2905EE0300A27235 /* HighKnee_Squad_1.3.mlmodel in Sources */ = {isa = PBXBuildFile; fileRef = CE939D7B2905EE0300A27235 /* HighKnee_Squad_1.3.mlmodel */; };
		CE9C5CE328D81753009C2B1B /* VideoCaptureWorkout.swift in Sources */ = {isa = PBXBuildFile; fileRef = CE9C5CE228D81753009C2B1B /* VideoCaptureWorkout.swift */; };
		CE9C5D0428D83619009C2B1B /* Predictor.swift in Sources */ = {isa = PBXBuildFile; fileRef = CE9C5D0328D83618009C2B1B /* Predictor.swift */; };
		CEA20BDC28CE54B9002137D0 /* GymAIApp.swift in Sources */ = {isa = PBXBuildFile; fileRef = CEA20BDB28CE54B9002137D0 /* GymAIApp.swift */; };
		CEA20BDE28CE54B9002137D0 /* WorkoutHomeView.swift in Sources */ = {isa = PBXBuildFile; fileRef = CEA20BDD28CE54B9002137D0 /* WorkoutHomeView.swift */; };
		CEA20BE028CE54C2002137D0 /* Assets.xcassets in Resources */ = {isa = PBXBuildFile; fileRef = CEA20BDF28CE54C2002137D0 /* Assets.xcassets */; };
		CEA20BEC28D111B6002137D0 /* MyActionClassifierGymAI_1.mlmodel in Sources */ = {isa = PBXBuildFile; fileRef = CEA20BEB28D111B5002137D0 /* MyActionClassifierGymAI_1.mlmodel */; };
		CEE83E6728DE10D900B95814 /* VideoViewController.swift in Sources */ = {isa = PBXBuildFile; fileRef = CEE83E6628DE10D900B95814 /* VideoViewController.swift */; };
		CEE83E6928DE11A700B95814 /* ContentView.swift in Sources */ = {isa = PBXBuildFile; fileRef = CEE83E6828DE11A700B95814 /* ContentView.swift */; };
		CEE83E6F28DE11CD00B95814 /* HomeViewModel.swift in Sources */ = {isa = PBXBuildFile; fileRef = CEE83E6B28DE11CD00B95814 /* HomeViewModel.swift */; };
		CEE83E7028DE11CD00B95814 /* LoginVm.swift in Sources */ = {isa = PBXBuildFile; fileRef = CEE83E6C28DE11CD00B95814 /* LoginVm.swift */; };
		CEE83E7128DE11CD00B95814 /* FireBase.swift in Sources */ = {isa = PBXBuildFile; fileRef = CEE83E6D28DE11CD00B95814 /* FireBase.swift */; };
		CEE83E7228DE11CD00B95814 /* AppleLoginVM.swift in Sources */ = {isa = PBXBuildFile; fileRef = CEE83E6E28DE11CD00B95814 /* AppleLoginVM.swift */; };
		CEE83E7628DE11DE00B95814 /* User.swift in Sources */ = {isa = PBXBuildFile; fileRef = CEE83E7428DE11DD00B95814 /* User.swift */; };
		CEE83E7728DE11DE00B95814 /* RegisterType.swift in Sources */ = {isa = PBXBuildFile; fileRef = CEE83E7528DE11DE00B95814 /* RegisterType.swift */; };
		CEE83E7E28DE11F300B95814 /* HorizontalButton.swift in Sources */ = {isa = PBXBuildFile; fileRef = CEE83E7928DE11F300B95814 /* HorizontalButton.swift */; };
		CEE83E7F28DE11F300B95814 /* LineGraph.swift in Sources */ = {isa = PBXBuildFile; fileRef = CEE83E7A28DE11F300B95814 /* LineGraph.swift */; };
		CEE83E8028DE11F300B95814 /* AppleSignInBtn.swift in Sources */ = {isa = PBXBuildFile; fileRef = CEE83E7B28DE11F300B95814 /* AppleSignInBtn.swift */; };
		CEE83E8128DE11F300B95814 /* LottieView.swift in Sources */ = {isa = PBXBuildFile; fileRef = CEE83E7C28DE11F300B95814 /* LottieView.swift */; };
		CEE83E8228DE11F300B95814 /* HeaderText.swift in Sources */ = {isa = PBXBuildFile; fileRef = CEE83E7D28DE11F300B95814 /* HeaderText.swift */; };
		CEE83E8728DE120300B95814 /* Color+.swift in Sources */ = {isa = PBXBuildFile; fileRef = CEE83E8428DE120300B95814 /* Color+.swift */; };
		CEE83E8828DE120300B95814 /* Constant.swift in Sources */ = {isa = PBXBuildFile; fileRef = CEE83E8528DE120300B95814 /* Constant.swift */; };
		CEE83E8928DE120300B95814 /* Date+.swift in Sources */ = {isa = PBXBuildFile; fileRef = CEE83E8628DE120300B95814 /* Date+.swift */; };
		CEE83E8D28DE130500B95814 /* FirebaseAuth in Frameworks */ = {isa = PBXBuildFile; productRef = CEE83E8C28DE130500B95814 /* FirebaseAuth */; };
		CEE83E8F28DE130500B95814 /* FirebaseFirestore in Frameworks */ = {isa = PBXBuildFile; productRef = CEE83E8E28DE130500B95814 /* FirebaseFirestore */; };
		CEE83E9128DE130500B95814 /* FirebaseStorage in Frameworks */ = {isa = PBXBuildFile; productRef = CEE83E9028DE130500B95814 /* FirebaseStorage */; };
		CEE83E9428DE137200B95814 /* SDWebImageSwiftUI in Frameworks */ = {isa = PBXBuildFile; productRef = CEE83E9328DE137200B95814 /* SDWebImageSwiftUI */; };
		CEE83E9728DE13D400B95814 /* Lottie in Frameworks */ = {isa = PBXBuildFile; productRef = CEE83E9628DE13D400B95814 /* Lottie */; };
		CEE83E9A28DE141600B95814 /* GoogleSignIn in Frameworks */ = {isa = PBXBuildFile; productRef = CEE83E9928DE141600B95814 /* GoogleSignIn */; };
		CEE83E9C28DE148700B95814 /* GoogleService-Info.plist in Resources */ = {isa = PBXBuildFile; fileRef = CEE83E9B28DE148700B95814 /* GoogleService-Info.plist */; };
		CEE83E9E28DE701B00B95814 /* HomeWorkoutDetailView.swift in Sources */ = {isa = PBXBuildFile; fileRef = CEE83E9D28DE701A00B95814 /* HomeWorkoutDetailView.swift */; };
		CEE83EAB28E0278200B95814 /* Preview Assets.xcassets in Resources */ = {isa = PBXBuildFile; fileRef = CEE83EAA28E0278200B95814 /* Preview Assets.xcassets */; };
		CEE83EB928E02A1300B95814 /* Main.storyboard in Resources */ = {isa = PBXBuildFile; fileRef = CEE83EB828E02A1300B95814 /* Main.storyboard */; };
		CEE83EBD28E02B7A00B95814 /* CGPoint+Extension.swift in Sources */ = {isa = PBXBuildFile; fileRef = CEE83EBB28E02B7A00B95814 /* CGPoint+Extension.swift */; };
		CEE83EBE28E02B7A00B95814 /* CGImage+Extension.swift in Sources */ = {isa = PBXBuildFile; fileRef = CEE83EBC28E02B7A00B95814 /* CGImage+Extension.swift */; };
		CEE83EC428E02BDE00B95814 /* PoseNetOutput.swift in Sources */ = {isa = PBXBuildFile; fileRef = CEE83EC028E02BDA00B95814 /* PoseNetOutput.swift */; };
		CEE83EC528E02BDE00B95814 /* PoseNet.swift in Sources */ = {isa = PBXBuildFile; fileRef = CEE83EC128E02BDC00B95814 /* PoseNet.swift */; };
		CEE83EC628E02BDE00B95814 /* PoseNetInput.swift in Sources */ = {isa = PBXBuildFile; fileRef = CEE83EC228E02BDD00B95814 /* PoseNetInput.swift */; };
		CEE83EC728E02BDE00B95814 /* PoseNetMobileNet075S16FP16.mlmodel in Sources */ = {isa = PBXBuildFile; fileRef = CEE83EC328E02BDE00B95814 /* PoseNetMobileNet075S16FP16.mlmodel */; };
		CEE83ECF28E02C0100B95814 /* Joint.swift in Sources */ = {isa = PBXBuildFile; fileRef = CEE83EC928E02BFA00B95814 /* Joint.swift */; };
		CEE83ED028E02C0100B95814 /* PoseBuilder.swift in Sources */ = {isa = PBXBuildFile; fileRef = CEE83ECA28E02BFB00B95814 /* PoseBuilder.swift */; };
		CEE83ED128E02C0100B95814 /* Pose.swift in Sources */ = {isa = PBXBuildFile; fileRef = CEE83ECB28E02BFB00B95814 /* Pose.swift */; };
		CEE83ED228E02C0100B95814 /* PoseBuilder+Multiple.swift in Sources */ = {isa = PBXBuildFile; fileRef = CEE83ECC28E02BFC00B95814 /* PoseBuilder+Multiple.swift */; };
		CEE83ED328E02C0100B95814 /* PoseBuilderConfiguration.swift in Sources */ = {isa = PBXBuildFile; fileRef = CEE83ECD28E02BFC00B95814 /* PoseBuilderConfiguration.swift */; };
		CEE83ED428E02C0100B95814 /* PoseBuilder+Single.swift in Sources */ = {isa = PBXBuildFile; fileRef = CEE83ECE28E02BFF00B95814 /* PoseBuilder+Single.swift */; };
		CEE83ED828E02C2400B95814 /* VideoCapture.swift in Sources */ = {isa = PBXBuildFile; fileRef = CEE83ED628E02C2300B95814 /* VideoCapture.swift */; };
		CEE83ED928E02C2400B95814 /* AVCaptureVideoOrientation+Extension.swift in Sources */ = {isa = PBXBuildFile; fileRef = CEE83ED728E02C2400B95814 /* AVCaptureVideoOrientation+Extension.swift */; };
		CEE83EE028E02C4000B95814 /* ConfigurationViewController.swift in Sources */ = {isa = PBXBuildFile; fileRef = CEE83EDB28E02C3E00B95814 /* ConfigurationViewController.swift */; };
		CEE83EE128E02C4000B95814 /* GradientOverlayView.swift in Sources */ = {isa = PBXBuildFile; fileRef = CEE83EDC28E02C3F00B95814 /* GradientOverlayView.swift */; };
		CEE83EE228E02C4000B95814 /* PoseImageView.swift in Sources */ = {isa = PBXBuildFile; fileRef = CEE83EDD28E02C3F00B95814 /* PoseImageView.swift */; };
		CEE83EE328E02C4000B95814 /* PopOverModalViewController.swift in Sources */ = {isa = PBXBuildFile; fileRef = CEE83EDE28E02C3F00B95814 /* PopOverModalViewController.swift */; };
		CEE83EE428E02C4000B95814 /* ViewController.swift in Sources */ = {isa = PBXBuildFile; fileRef = CEE83EDF28E02C4000B95814 /* ViewController.swift */; };
/* End PBXBuildFile section */

/* Begin PBXFileReference section */
		CE2C77BF290159E700D2F15F /* HighKnee_Squad.mlmodel */ = {isa = PBXFileReference; lastKnownFileType = file.mlmodel; path = HighKnee_Squad.mlmodel; sourceTree = "<group>"; };
		CE2C77C129015D9D00D2F15F /* CGPoint+.swift */ = {isa = PBXFileReference; lastKnownFileType = sourcecode.swift; path = "CGPoint+.swift"; sourceTree = "<group>"; };
		CE2C77C5290345C700D2F15F /* HighKnee_Squad_1.2.mlmodel */ = {isa = PBXFileReference; lastKnownFileType = file.mlmodel; path = HighKnee_Squad_1.2.mlmodel; sourceTree = "<group>"; };
		CE2C77C72903481100D2F15F /* Logger.swift */ = {isa = PBXFileReference; lastKnownFileType = sourcecode.swift; path = Logger.swift; sourceTree = "<group>"; };
		CE2C77C92904C69100D2F15F /* HighKnee_Squad_1.2d.mlmodel */ = {isa = PBXFileReference; lastKnownFileType = file.mlmodel; path = HighKnee_Squad_1.2d.mlmodel; sourceTree = "<group>"; };
		CE939D7B2905EE0300A27235 /* HighKnee_Squad_1.3.mlmodel */ = {isa = PBXFileReference; lastKnownFileType = file.mlmodel; path = HighKnee_Squad_1.3.mlmodel; sourceTree = "<group>"; };
		CE9C5CE228D81753009C2B1B /* VideoCaptureWorkout.swift */ = {isa = PBXFileReference; lastKnownFileType = sourcecode.swift; path = VideoCaptureWorkout.swift; sourceTree = "<group>"; };
		CE9C5D0328D83618009C2B1B /* Predictor.swift */ = {isa = PBXFileReference; fileEncoding = 4; lastKnownFileType = sourcecode.swift; path = Predictor.swift; sourceTree = "<group>"; };
		CEA20BD828CE54B9002137D0 /* GymAI.app */ = {isa = PBXFileReference; explicitFileType = wrapper.application; includeInIndex = 0; path = GymAI.app; sourceTree = BUILT_PRODUCTS_DIR; };
		CEA20BDB28CE54B9002137D0 /* GymAIApp.swift */ = {isa = PBXFileReference; lastKnownFileType = sourcecode.swift; path = GymAIApp.swift; sourceTree = "<group>"; };
		CEA20BDD28CE54B9002137D0 /* WorkoutHomeView.swift */ = {isa = PBXFileReference; lastKnownFileType = sourcecode.swift; path = WorkoutHomeView.swift; sourceTree = "<group>"; };
		CEA20BDF28CE54C2002137D0 /* Assets.xcassets */ = {isa = PBXFileReference; lastKnownFileType = folder.assetcatalog; path = Assets.xcassets; sourceTree = "<group>"; };
		CEA20BEB28D111B5002137D0 /* MyActionClassifierGymAI_1.mlmodel */ = {isa = PBXFileReference; lastKnownFileType = file.mlmodel; path = MyActionClassifierGymAI_1.mlmodel; sourceTree = "<group>"; };
		CEE83E6628DE10D900B95814 /* VideoViewController.swift */ = {isa = PBXFileReference; lastKnownFileType = sourcecode.swift; path = VideoViewController.swift; sourceTree = "<group>"; };
		CEE83E6828DE11A700B95814 /* ContentView.swift */ = {isa = PBXFileReference; fileEncoding = 4; lastKnownFileType = sourcecode.swift; path = ContentView.swift; sourceTree = "<group>"; };
		CEE83E6B28DE11CD00B95814 /* HomeViewModel.swift */ = {isa = PBXFileReference; fileEncoding = 4; lastKnownFileType = sourcecode.swift; path = HomeViewModel.swift; sourceTree = "<group>"; };
		CEE83E6C28DE11CD00B95814 /* LoginVm.swift */ = {isa = PBXFileReference; fileEncoding = 4; lastKnownFileType = sourcecode.swift; path = LoginVm.swift; sourceTree = "<group>"; };
		CEE83E6D28DE11CD00B95814 /* FireBase.swift */ = {isa = PBXFileReference; fileEncoding = 4; lastKnownFileType = sourcecode.swift; path = FireBase.swift; sourceTree = "<group>"; };
		CEE83E6E28DE11CD00B95814 /* AppleLoginVM.swift */ = {isa = PBXFileReference; fileEncoding = 4; lastKnownFileType = sourcecode.swift; path = AppleLoginVM.swift; sourceTree = "<group>"; };
		CEE83E7428DE11DD00B95814 /* User.swift */ = {isa = PBXFileReference; fileEncoding = 4; lastKnownFileType = sourcecode.swift; path = User.swift; sourceTree = "<group>"; };
		CEE83E7528DE11DE00B95814 /* RegisterType.swift */ = {isa = PBXFileReference; fileEncoding = 4; lastKnownFileType = sourcecode.swift; path = RegisterType.swift; sourceTree = "<group>"; };
		CEE83E7928DE11F300B95814 /* HorizontalButton.swift */ = {isa = PBXFileReference; fileEncoding = 4; lastKnownFileType = sourcecode.swift; path = HorizontalButton.swift; sourceTree = "<group>"; };
		CEE83E7A28DE11F300B95814 /* LineGraph.swift */ = {isa = PBXFileReference; fileEncoding = 4; lastKnownFileType = sourcecode.swift; path = LineGraph.swift; sourceTree = "<group>"; };
		CEE83E7B28DE11F300B95814 /* AppleSignInBtn.swift */ = {isa = PBXFileReference; fileEncoding = 4; lastKnownFileType = sourcecode.swift; path = AppleSignInBtn.swift; sourceTree = "<group>"; };
		CEE83E7C28DE11F300B95814 /* LottieView.swift */ = {isa = PBXFileReference; fileEncoding = 4; lastKnownFileType = sourcecode.swift; path = LottieView.swift; sourceTree = "<group>"; };
		CEE83E7D28DE11F300B95814 /* HeaderText.swift */ = {isa = PBXFileReference; fileEncoding = 4; lastKnownFileType = sourcecode.swift; path = HeaderText.swift; sourceTree = "<group>"; };
		CEE83E8428DE120300B95814 /* Color+.swift */ = {isa = PBXFileReference; fileEncoding = 4; lastKnownFileType = sourcecode.swift; path = "Color+.swift"; sourceTree = "<group>"; };
		CEE83E8528DE120300B95814 /* Constant.swift */ = {isa = PBXFileReference; fileEncoding = 4; lastKnownFileType = sourcecode.swift; path = Constant.swift; sourceTree = "<group>"; };
		CEE83E8628DE120300B95814 /* Date+.swift */ = {isa = PBXFileReference; fileEncoding = 4; lastKnownFileType = sourcecode.swift; path = "Date+.swift"; sourceTree = "<group>"; };
		CEE83E8A28DE126800B95814 /* GymAI.entitlements */ = {isa = PBXFileReference; lastKnownFileType = text.plist.entitlements; path = GymAI.entitlements; sourceTree = "<group>"; };
		CEE83E9B28DE148700B95814 /* GoogleService-Info.plist */ = {isa = PBXFileReference; fileEncoding = 4; lastKnownFileType = text.plist.xml; path = "GoogleService-Info.plist"; sourceTree = "<group>"; };
		CEE83E9D28DE701A00B95814 /* HomeWorkoutDetailView.swift */ = {isa = PBXFileReference; lastKnownFileType = sourcecode.swift; path = HomeWorkoutDetailView.swift; sourceTree = "<group>"; };
		CEE83EAA28E0278200B95814 /* Preview Assets.xcassets */ = {isa = PBXFileReference; lastKnownFileType = folder.assetcatalog; path = "Preview Assets.xcassets"; sourceTree = "<group>"; };
		CEE83EB828E02A1300B95814 /* Main.storyboard */ = {isa = PBXFileReference; fileEncoding = 4; lastKnownFileType = file.storyboard; path = Main.storyboard; sourceTree = "<group>"; };
		CEE83EBB28E02B7A00B95814 /* CGPoint+Extension.swift */ = {isa = PBXFileReference; fileEncoding = 4; lastKnownFileType = sourcecode.swift; path = "CGPoint+Extension.swift"; sourceTree = "<group>"; };
		CEE83EBC28E02B7A00B95814 /* CGImage+Extension.swift */ = {isa = PBXFileReference; fileEncoding = 4; lastKnownFileType = sourcecode.swift; path = "CGImage+Extension.swift"; sourceTree = "<group>"; };
		CEE83EC028E02BDA00B95814 /* PoseNetOutput.swift */ = {isa = PBXFileReference; fileEncoding = 4; lastKnownFileType = sourcecode.swift; path = PoseNetOutput.swift; sourceTree = "<group>"; };
		CEE83EC128E02BDC00B95814 /* PoseNet.swift */ = {isa = PBXFileReference; fileEncoding = 4; lastKnownFileType = sourcecode.swift; path = PoseNet.swift; sourceTree = "<group>"; };
		CEE83EC228E02BDD00B95814 /* PoseNetInput.swift */ = {isa = PBXFileReference; fileEncoding = 4; lastKnownFileType = sourcecode.swift; path = PoseNetInput.swift; sourceTree = "<group>"; };
		CEE83EC328E02BDE00B95814 /* PoseNetMobileNet075S16FP16.mlmodel */ = {isa = PBXFileReference; lastKnownFileType = file.mlmodel; path = PoseNetMobileNet075S16FP16.mlmodel; sourceTree = "<group>"; };
		CEE83EC928E02BFA00B95814 /* Joint.swift */ = {isa = PBXFileReference; fileEncoding = 4; lastKnownFileType = sourcecode.swift; path = Joint.swift; sourceTree = "<group>"; };
		CEE83ECA28E02BFB00B95814 /* PoseBuilder.swift */ = {isa = PBXFileReference; fileEncoding = 4; lastKnownFileType = sourcecode.swift; path = PoseBuilder.swift; sourceTree = "<group>"; };
		CEE83ECB28E02BFB00B95814 /* Pose.swift */ = {isa = PBXFileReference; fileEncoding = 4; lastKnownFileType = sourcecode.swift; path = Pose.swift; sourceTree = "<group>"; };
		CEE83ECC28E02BFC00B95814 /* PoseBuilder+Multiple.swift */ = {isa = PBXFileReference; fileEncoding = 4; lastKnownFileType = sourcecode.swift; path = "PoseBuilder+Multiple.swift"; sourceTree = "<group>"; };
		CEE83ECD28E02BFC00B95814 /* PoseBuilderConfiguration.swift */ = {isa = PBXFileReference; fileEncoding = 4; lastKnownFileType = sourcecode.swift; path = PoseBuilderConfiguration.swift; sourceTree = "<group>"; };
		CEE83ECE28E02BFF00B95814 /* PoseBuilder+Single.swift */ = {isa = PBXFileReference; fileEncoding = 4; lastKnownFileType = sourcecode.swift; path = "PoseBuilder+Single.swift"; sourceTree = "<group>"; };
		CEE83ED628E02C2300B95814 /* VideoCapture.swift */ = {isa = PBXFileReference; fileEncoding = 4; lastKnownFileType = sourcecode.swift; path = VideoCapture.swift; sourceTree = "<group>"; };
		CEE83ED728E02C2400B95814 /* AVCaptureVideoOrientation+Extension.swift */ = {isa = PBXFileReference; fileEncoding = 4; lastKnownFileType = sourcecode.swift; path = "AVCaptureVideoOrientation+Extension.swift"; sourceTree = "<group>"; };
		CEE83EDB28E02C3E00B95814 /* ConfigurationViewController.swift */ = {isa = PBXFileReference; fileEncoding = 4; lastKnownFileType = sourcecode.swift; path = ConfigurationViewController.swift; sourceTree = "<group>"; };
		CEE83EDC28E02C3F00B95814 /* GradientOverlayView.swift */ = {isa = PBXFileReference; fileEncoding = 4; lastKnownFileType = sourcecode.swift; path = GradientOverlayView.swift; sourceTree = "<group>"; };
		CEE83EDD28E02C3F00B95814 /* PoseImageView.swift */ = {isa = PBXFileReference; fileEncoding = 4; lastKnownFileType = sourcecode.swift; path = PoseImageView.swift; sourceTree = "<group>"; };
		CEE83EDE28E02C3F00B95814 /* PopOverModalViewController.swift */ = {isa = PBXFileReference; fileEncoding = 4; lastKnownFileType = sourcecode.swift; path = PopOverModalViewController.swift; sourceTree = "<group>"; };
		CEE83EDF28E02C4000B95814 /* ViewController.swift */ = {isa = PBXFileReference; fileEncoding = 4; lastKnownFileType = sourcecode.swift; path = ViewController.swift; sourceTree = "<group>"; };
/* End PBXFileReference section */

/* Begin PBXFrameworksBuildPhase section */
		CEA20BD528CE54B9002137D0 /* Frameworks */ = {
			isa = PBXFrameworksBuildPhase;
			buildActionMask = 2147483647;
			files = (
				CEE83E9728DE13D400B95814 /* Lottie in Frameworks */,
				CEE83E9428DE137200B95814 /* SDWebImageSwiftUI in Frameworks */,
				CEE83E8D28DE130500B95814 /* FirebaseAuth in Frameworks */,
				CEE83E8F28DE130500B95814 /* FirebaseFirestore in Frameworks */,
				CEE83E9128DE130500B95814 /* FirebaseStorage in Frameworks */,
				CEE83E9A28DE141600B95814 /* GoogleSignIn in Frameworks */,
			);
			runOnlyForDeploymentPostprocessing = 0;
		};
/* End PBXFrameworksBuildPhase section */

/* Begin PBXGroup section */
		CEA20BCF28CE54B9002137D0 = {
			isa = PBXGroup;
			children = (
				CEA20BDA28CE54B9002137D0 /* GymAI */,
				CEA20BD928CE54B9002137D0 /* Products */,
			);
			sourceTree = "<group>";
		};
		CEA20BD928CE54B9002137D0 /* Products */ = {
			isa = PBXGroup;
			children = (
				CEA20BD828CE54B9002137D0 /* GymAI.app */,
			);
			name = Products;
			sourceTree = "<group>";
		};
		CEA20BDA28CE54B9002137D0 /* GymAI */ = {
			isa = PBXGroup;
			children = (
				CEE83E8A28DE126800B95814 /* GymAI.entitlements */,
				CE939D7B2905EE0300A27235 /* HighKnee_Squad_1.3.mlmodel */,
				CE2C77C92904C69100D2F15F /* HighKnee_Squad_1.2d.mlmodel */,
				CE2C77C5290345C700D2F15F /* HighKnee_Squad_1.2.mlmodel */,
				CE2C77BF290159E700D2F15F /* HighKnee_Squad.mlmodel */,
				CEA20BEB28D111B5002137D0 /* MyActionClassifierGymAI_1.mlmodel */,
				CEE83E7828DE11E600B95814 /* UIComponent */,
				CEE83E7328DE11D600B95814 /* Model */,
				CEE83E6A28DE11BB00B95814 /* ViewModel */,
				CEE83E6528DE10B000B95814 /* WorkoutView */,
				CEA20BDF28CE54C2002137D0 /* Assets.xcassets */,
				CEE83E5428DE102B00B95814 /* View */,
				CEE83E6828DE11A700B95814 /* ContentView.swift */,
				CEE83EAD28E029C800B95814 /* PoseFinder */,
				CEE83E9B28DE148700B95814 /* GoogleService-Info.plist */,
				CEA20BDB28CE54B9002137D0 /* GymAIApp.swift */,
				CEE83EAC28E0299D00B95814 /* Preview Content */,
			);
			path = GymAI;
			sourceTree = "<group>";
		};
		CEE83E5428DE102B00B95814 /* View */ = {
			isa = PBXGroup;
			children = (
				CEA20BDD28CE54B9002137D0 /* WorkoutHomeView.swift */,
				CEE83E9D28DE701A00B95814 /* HomeWorkoutDetailView.swift */,
			);
			path = View;
			sourceTree = "<group>";
		};
		CEE83E6528DE10B000B95814 /* WorkoutView */ = {
			isa = PBXGroup;
			children = (
				CE9C5D0328D83618009C2B1B /* Predictor.swift */,
				CEE83E6628DE10D900B95814 /* VideoViewController.swift */,
				CE9C5CE228D81753009C2B1B /* VideoCaptureWorkout.swift */,
			);
			path = WorkoutView;
			sourceTree = "<group>";
		};
		CEE83E6A28DE11BB00B95814 /* ViewModel */ = {
			isa = PBXGroup;
			children = (
				CEE83E6E28DE11CD00B95814 /* AppleLoginVM.swift */,
				CEE83E6D28DE11CD00B95814 /* FireBase.swift */,
				CEE83E6B28DE11CD00B95814 /* HomeViewModel.swift */,
				CEE83E6C28DE11CD00B95814 /* LoginVm.swift */,
			);
			path = ViewModel;
			sourceTree = "<group>";
		};
		CEE83E7328DE11D600B95814 /* Model */ = {
			isa = PBXGroup;
			children = (
				CEE83E7528DE11DE00B95814 /* RegisterType.swift */,
				CEE83E7428DE11DD00B95814 /* User.swift */,
			);
			path = Model;
			sourceTree = "<group>";
		};
		CEE83E7828DE11E600B95814 /* UIComponent */ = {
			isa = PBXGroup;
			children = (
				CEE83E8328DE11F900B95814 /* Extension */,
				CEE83E7B28DE11F300B95814 /* AppleSignInBtn.swift */,
				CEE83E7928DE11F300B95814 /* HorizontalButton.swift */,
				CEE83E7D28DE11F300B95814 /* HeaderText.swift */,
				CEE83E7A28DE11F300B95814 /* LineGraph.swift */,
				CEE83E7C28DE11F300B95814 /* LottieView.swift */,
				CE2C77C72903481100D2F15F /* Logger.swift */,
			);
			path = UIComponent;
			sourceTree = "<group>";
		};
		CEE83E8328DE11F900B95814 /* Extension */ = {
			isa = PBXGroup;
			children = (
				CEE83E8428DE120300B95814 /* Color+.swift */,
				CE2C77C129015D9D00D2F15F /* CGPoint+.swift */,
				CEE83E8528DE120300B95814 /* Constant.swift */,
				CEE83E8628DE120300B95814 /* Date+.swift */,
			);
			path = Extension;
			sourceTree = "<group>";
		};
		CEE83EAC28E0299D00B95814 /* Preview Content */ = {
			isa = PBXGroup;
			children = (
				CEE83EAA28E0278200B95814 /* Preview Assets.xcassets */,
			);
			path = "Preview Content";
			sourceTree = "<group>";
		};
		CEE83EAD28E029C800B95814 /* PoseFinder */ = {
			isa = PBXGroup;
			children = (
				CEE83EB828E02A1300B95814 /* Main.storyboard */,
				CEE83EDA28E02C3500B95814 /* UI */,
				CEE83ED528E02C1400B95814 /* Utils */,
				CEE83EC828E02BEA00B95814 /* Pose */,
				CEE83EBF28E02B8900B95814 /* Model */,
				CEE83EBA28E02B6600B95814 /* Extensions+Types */,
			);
			path = PoseFinder;
			sourceTree = "<group>";
		};
		CEE83EBA28E02B6600B95814 /* Extensions+Types */ = {
			isa = PBXGroup;
			children = (
				CEE83EBC28E02B7A00B95814 /* CGImage+Extension.swift */,
				CEE83EBB28E02B7A00B95814 /* CGPoint+Extension.swift */,
			);
			path = "Extensions+Types";
			sourceTree = "<group>";
		};
		CEE83EBF28E02B8900B95814 /* Model */ = {
			isa = PBXGroup;
			children = (
				CEE83EC128E02BDC00B95814 /* PoseNet.swift */,
				CEE83EC228E02BDD00B95814 /* PoseNetInput.swift */,
				CEE83EC328E02BDE00B95814 /* PoseNetMobileNet075S16FP16.mlmodel */,
				CEE83EC028E02BDA00B95814 /* PoseNetOutput.swift */,
			);
			path = Model;
			sourceTree = "<group>";
		};
		CEE83EC828E02BEA00B95814 /* Pose */ = {
			isa = PBXGroup;
			children = (
				CEE83EC928E02BFA00B95814 /* Joint.swift */,
				CEE83ECB28E02BFB00B95814 /* Pose.swift */,
				CEE83ECA28E02BFB00B95814 /* PoseBuilder.swift */,
				CEE83ECC28E02BFC00B95814 /* PoseBuilder+Multiple.swift */,
				CEE83ECE28E02BFF00B95814 /* PoseBuilder+Single.swift */,
				CEE83ECD28E02BFC00B95814 /* PoseBuilderConfiguration.swift */,
			);
			path = Pose;
			sourceTree = "<group>";
		};
		CEE83ED528E02C1400B95814 /* Utils */ = {
			isa = PBXGroup;
			children = (
				CEE83ED728E02C2400B95814 /* AVCaptureVideoOrientation+Extension.swift */,
				CEE83ED628E02C2300B95814 /* VideoCapture.swift */,
			);
			path = Utils;
			sourceTree = "<group>";
		};
		CEE83EDA28E02C3500B95814 /* UI */ = {
			isa = PBXGroup;
			children = (
				CEE83EDB28E02C3E00B95814 /* ConfigurationViewController.swift */,
				CEE83EDC28E02C3F00B95814 /* GradientOverlayView.swift */,
				CEE83EDE28E02C3F00B95814 /* PopOverModalViewController.swift */,
				CEE83EDD28E02C3F00B95814 /* PoseImageView.swift */,
				CEE83EDF28E02C4000B95814 /* ViewController.swift */,
			);
			path = UI;
			sourceTree = "<group>";
		};
/* End PBXGroup section */

/* Begin PBXNativeTarget section */
		CEA20BD728CE54B9002137D0 /* GymAI */ = {
			isa = PBXNativeTarget;
			buildConfigurationList = CEA20BE628CE54C2002137D0 /* Build configuration list for PBXNativeTarget "GymAI" */;
			buildPhases = (
				CEA20BD428CE54B9002137D0 /* Sources */,
				CEA20BD528CE54B9002137D0 /* Frameworks */,
				CEA20BD628CE54B9002137D0 /* Resources */,
			);
			buildRules = (
			);
			dependencies = (
			);
			name = GymAI;
			packageProductDependencies = (
				CEE83E8C28DE130500B95814 /* FirebaseAuth */,
				CEE83E8E28DE130500B95814 /* FirebaseFirestore */,
				CEE83E9028DE130500B95814 /* FirebaseStorage */,
				CEE83E9328DE137200B95814 /* SDWebImageSwiftUI */,
				CEE83E9628DE13D400B95814 /* Lottie */,
				CEE83E9928DE141600B95814 /* GoogleSignIn */,
			);
			productName = GymAI;
			productReference = CEA20BD828CE54B9002137D0 /* GymAI.app */;
			productType = "com.apple.product-type.application";
		};
/* End PBXNativeTarget section */

/* Begin PBXProject section */
		CEA20BD028CE54B9002137D0 /* Project object */ = {
			isa = PBXProject;
			attributes = {
				BuildIndependentTargetsInParallel = 1;
				LastSwiftUpdateCheck = 1340;
				LastUpgradeCheck = 1340;
				TargetAttributes = {
					CEA20BD728CE54B9002137D0 = {
						CreatedOnToolsVersion = 13.4;
					};
				};
			};
			buildConfigurationList = CEA20BD328CE54B9002137D0 /* Build configuration list for PBXProject "GymAI" */;
			compatibilityVersion = "Xcode 13.0";
			developmentRegion = en;
			hasScannedForEncodings = 0;
			knownRegions = (
				en,
				Base,
			);
			mainGroup = CEA20BCF28CE54B9002137D0;
			packageReferences = (
				CEE83E8B28DE130500B95814 /* XCRemoteSwiftPackageReference "firebase-ios-sdk" */,
				CEE83E9228DE137200B95814 /* XCRemoteSwiftPackageReference "SDWebImageSwiftUI" */,
				CEE83E9528DE13D400B95814 /* XCRemoteSwiftPackageReference "lottie-ios" */,
				CEE83E9828DE141600B95814 /* XCRemoteSwiftPackageReference "GoogleSignIn-iOS" */,
			);
			productRefGroup = CEA20BD928CE54B9002137D0 /* Products */;
			projectDirPath = "";
			projectRoot = "";
			targets = (
				CEA20BD728CE54B9002137D0 /* GymAI */,
			);
		};
/* End PBXProject section */

/* Begin PBXResourcesBuildPhase section */
		CEA20BD628CE54B9002137D0 /* Resources */ = {
			isa = PBXResourcesBuildPhase;
			buildActionMask = 2147483647;
			files = (
				CEE83EAB28E0278200B95814 /* Preview Assets.xcassets in Resources */,
				CEA20BE028CE54C2002137D0 /* Assets.xcassets in Resources */,
				CEE83EB928E02A1300B95814 /* Main.storyboard in Resources */,
				CEE83E9C28DE148700B95814 /* GoogleService-Info.plist in Resources */,
			);
			runOnlyForDeploymentPostprocessing = 0;
		};
/* End PBXResourcesBuildPhase section */

/* Begin PBXSourcesBuildPhase section */
		CEA20BD428CE54B9002137D0 /* Sources */ = {
			isa = PBXSourcesBuildPhase;
			buildActionMask = 2147483647;
			files = (
				CEE83EC628E02BDE00B95814 /* PoseNetInput.swift in Sources */,
				CEE83ED828E02C2400B95814 /* VideoCapture.swift in Sources */,
				CEE83EE228E02C4000B95814 /* PoseImageView.swift in Sources */,
				CEE83E7728DE11DE00B95814 /* RegisterType.swift in Sources */,
				CEE83EE328E02C4000B95814 /* PopOverModalViewController.swift in Sources */,
				CEE83EE128E02C4000B95814 /* GradientOverlayView.swift in Sources */,
				CE939D7C2905EE0300A27235 /* HighKnee_Squad_1.3.mlmodel in Sources */,
				CEE83E6928DE11A700B95814 /* ContentView.swift in Sources */,
				CEA20BDE28CE54B9002137D0 /* WorkoutHomeView.swift in Sources */,
				CEE83EE428E02C4000B95814 /* ViewController.swift in Sources */,
				CE2C77C82903481100D2F15F /* Logger.swift in Sources */,
				CEE83E7028DE11CD00B95814 /* LoginVm.swift in Sources */,
				CE9C5CE328D81753009C2B1B /* VideoCaptureWorkout.swift in Sources */,
				CE2C77C6290345C700D2F15F /* HighKnee_Squad_1.2.mlmodel in Sources */,
				CEE83ED328E02C0100B95814 /* PoseBuilderConfiguration.swift in Sources */,
				CE2C77C0290159E700D2F15F /* HighKnee_Squad.mlmodel in Sources */,
				CEE83EC728E02BDE00B95814 /* PoseNetMobileNet075S16FP16.mlmodel in Sources */,
				CEE83E8928DE120300B95814 /* Date+.swift in Sources */,
				CE2C77C229015D9D00D2F15F /* CGPoint+.swift in Sources */,
				CE2C77CA2904C69200D2F15F /* HighKnee_Squad_1.2d.mlmodel in Sources */,
				CEE83E6728DE10D900B95814 /* VideoViewController.swift in Sources */,
				CEA20BDC28CE54B9002137D0 /* GymAIApp.swift in Sources */,
				CEE83ED228E02C0100B95814 /* PoseBuilder+Multiple.swift in Sources */,
				CEE83ECF28E02C0100B95814 /* Joint.swift in Sources */,
				CEE83ED928E02C2400B95814 /* AVCaptureVideoOrientation+Extension.swift in Sources */,
				CEE83EE028E02C4000B95814 /* ConfigurationViewController.swift in Sources */,
				CEE83E7E28DE11F300B95814 /* HorizontalButton.swift in Sources */,
				CEE83E9E28DE701B00B95814 /* HomeWorkoutDetailView.swift in Sources */,
				CEA20BEC28D111B6002137D0 /* MyActionClassifierGymAI_1.mlmodel in Sources */,
				CEE83ED128E02C0100B95814 /* Pose.swift in Sources */,
				CEE83E7F28DE11F300B95814 /* LineGraph.swift in Sources */,
				CEE83E7128DE11CD00B95814 /* FireBase.swift in Sources */,
				CE9C5D0428D83619009C2B1B /* Predictor.swift in Sources */,
				CEE83E8228DE11F300B95814 /* HeaderText.swift in Sources */,
				CEE83E6F28DE11CD00B95814 /* HomeViewModel.swift in Sources */,
				CEE83ED428E02C0100B95814 /* PoseBuilder+Single.swift in Sources */,
				CEE83E8828DE120300B95814 /* Constant.swift in Sources */,
				CEE83EBD28E02B7A00B95814 /* CGPoint+Extension.swift in Sources */,
				CEE83EC428E02BDE00B95814 /* PoseNetOutput.swift in Sources */,
				CEE83ED028E02C0100B95814 /* PoseBuilder.swift in Sources */,
				CEE83E7228DE11CD00B95814 /* AppleLoginVM.swift in Sources */,
				CEE83E7628DE11DE00B95814 /* User.swift in Sources */,
				CEE83E8728DE120300B95814 /* Color+.swift in Sources */,
				CEE83EC528E02BDE00B95814 /* PoseNet.swift in Sources */,
				CEE83E8028DE11F300B95814 /* AppleSignInBtn.swift in Sources */,
				CEE83E8128DE11F300B95814 /* LottieView.swift in Sources */,
				CEE83EBE28E02B7A00B95814 /* CGImage+Extension.swift in Sources */,
			);
			runOnlyForDeploymentPostprocessing = 0;
		};
/* End PBXSourcesBuildPhase section */

/* Begin XCBuildConfiguration section */
		CEA20BE428CE54C2002137D0 /* Debug */ = {
			isa = XCBuildConfiguration;
			buildSettings = {
				ALWAYS_SEARCH_USER_PATHS = NO;
				CLANG_ANALYZER_NONNULL = YES;
				CLANG_ANALYZER_NUMBER_OBJECT_CONVERSION = YES_AGGRESSIVE;
				CLANG_CXX_LANGUAGE_STANDARD = "gnu++17";
				CLANG_ENABLE_MODULES = YES;
				CLANG_ENABLE_OBJC_ARC = YES;
				CLANG_ENABLE_OBJC_WEAK = YES;
				CLANG_WARN_BLOCK_CAPTURE_AUTORELEASING = YES;
				CLANG_WARN_BOOL_CONVERSION = YES;
				CLANG_WARN_COMMA = YES;
				CLANG_WARN_CONSTANT_CONVERSION = YES;
				CLANG_WARN_DEPRECATED_OBJC_IMPLEMENTATIONS = YES;
				CLANG_WARN_DIRECT_OBJC_ISA_USAGE = YES_ERROR;
				CLANG_WARN_DOCUMENTATION_COMMENTS = YES;
				CLANG_WARN_EMPTY_BODY = YES;
				CLANG_WARN_ENUM_CONVERSION = YES;
				CLANG_WARN_INFINITE_RECURSION = YES;
				CLANG_WARN_INT_CONVERSION = YES;
				CLANG_WARN_NON_LITERAL_NULL_CONVERSION = YES;
				CLANG_WARN_OBJC_IMPLICIT_RETAIN_SELF = YES;
				CLANG_WARN_OBJC_LITERAL_CONVERSION = YES;
				CLANG_WARN_OBJC_ROOT_CLASS = YES_ERROR;
				CLANG_WARN_QUOTED_INCLUDE_IN_FRAMEWORK_HEADER = YES;
				CLANG_WARN_RANGE_LOOP_ANALYSIS = YES;
				CLANG_WARN_STRICT_PROTOTYPES = YES;
				CLANG_WARN_SUSPICIOUS_MOVE = YES;
				CLANG_WARN_UNGUARDED_AVAILABILITY = YES_AGGRESSIVE;
				CLANG_WARN_UNREACHABLE_CODE = YES;
				CLANG_WARN__DUPLICATE_METHOD_MATCH = YES;
				COPY_PHASE_STRIP = NO;
				DEBUG_INFORMATION_FORMAT = dwarf;
				ENABLE_STRICT_OBJC_MSGSEND = YES;
				ENABLE_TESTABILITY = YES;
				GCC_C_LANGUAGE_STANDARD = gnu11;
				GCC_DYNAMIC_NO_PIC = NO;
				GCC_NO_COMMON_BLOCKS = YES;
				GCC_OPTIMIZATION_LEVEL = 0;
				GCC_PREPROCESSOR_DEFINITIONS = (
					"DEBUG=1",
					"$(inherited)",
				);
				GCC_WARN_64_TO_32_BIT_CONVERSION = YES;
				GCC_WARN_ABOUT_RETURN_TYPE = YES_ERROR;
				GCC_WARN_UNDECLARED_SELECTOR = YES;
				GCC_WARN_UNINITIALIZED_AUTOS = YES_AGGRESSIVE;
				GCC_WARN_UNUSED_FUNCTION = YES;
				GCC_WARN_UNUSED_VARIABLE = YES;
				IPHONEOS_DEPLOYMENT_TARGET = 14.0;
				MTL_ENABLE_DEBUG_INFO = INCLUDE_SOURCE;
				MTL_FAST_MATH = YES;
				ONLY_ACTIVE_ARCH = YES;
				SDKROOT = iphoneos;
				SWIFT_ACTIVE_COMPILATION_CONDITIONS = DEBUG;
				SWIFT_OPTIMIZATION_LEVEL = "-Onone";
			};
			name = Debug;
		};
		CEA20BE528CE54C2002137D0 /* Release */ = {
			isa = XCBuildConfiguration;
			buildSettings = {
				ALWAYS_SEARCH_USER_PATHS = NO;
				CLANG_ANALYZER_NONNULL = YES;
				CLANG_ANALYZER_NUMBER_OBJECT_CONVERSION = YES_AGGRESSIVE;
				CLANG_CXX_LANGUAGE_STANDARD = "gnu++17";
				CLANG_ENABLE_MODULES = YES;
				CLANG_ENABLE_OBJC_ARC = YES;
				CLANG_ENABLE_OBJC_WEAK = YES;
				CLANG_WARN_BLOCK_CAPTURE_AUTORELEASING = YES;
				CLANG_WARN_BOOL_CONVERSION = YES;
				CLANG_WARN_COMMA = YES;
				CLANG_WARN_CONSTANT_CONVERSION = YES;
				CLANG_WARN_DEPRECATED_OBJC_IMPLEMENTATIONS = YES;
				CLANG_WARN_DIRECT_OBJC_ISA_USAGE = YES_ERROR;
				CLANG_WARN_DOCUMENTATION_COMMENTS = YES;
				CLANG_WARN_EMPTY_BODY = YES;
				CLANG_WARN_ENUM_CONVERSION = YES;
				CLANG_WARN_INFINITE_RECURSION = YES;
				CLANG_WARN_INT_CONVERSION = YES;
				CLANG_WARN_NON_LITERAL_NULL_CONVERSION = YES;
				CLANG_WARN_OBJC_IMPLICIT_RETAIN_SELF = YES;
				CLANG_WARN_OBJC_LITERAL_CONVERSION = YES;
				CLANG_WARN_OBJC_ROOT_CLASS = YES_ERROR;
				CLANG_WARN_QUOTED_INCLUDE_IN_FRAMEWORK_HEADER = YES;
				CLANG_WARN_RANGE_LOOP_ANALYSIS = YES;
				CLANG_WARN_STRICT_PROTOTYPES = YES;
				CLANG_WARN_SUSPICIOUS_MOVE = YES;
				CLANG_WARN_UNGUARDED_AVAILABILITY = YES_AGGRESSIVE;
				CLANG_WARN_UNREACHABLE_CODE = YES;
				CLANG_WARN__DUPLICATE_METHOD_MATCH = YES;
				COPY_PHASE_STRIP = NO;
				DEBUG_INFORMATION_FORMAT = "dwarf-with-dsym";
				ENABLE_NS_ASSERTIONS = NO;
				ENABLE_STRICT_OBJC_MSGSEND = YES;
				GCC_C_LANGUAGE_STANDARD = gnu11;
				GCC_NO_COMMON_BLOCKS = YES;
				GCC_WARN_64_TO_32_BIT_CONVERSION = YES;
				GCC_WARN_ABOUT_RETURN_TYPE = YES_ERROR;
				GCC_WARN_UNDECLARED_SELECTOR = YES;
				GCC_WARN_UNINITIALIZED_AUTOS = YES_AGGRESSIVE;
				GCC_WARN_UNUSED_FUNCTION = YES;
				GCC_WARN_UNUSED_VARIABLE = YES;
				IPHONEOS_DEPLOYMENT_TARGET = 14.0;
				MTL_ENABLE_DEBUG_INFO = NO;
				MTL_FAST_MATH = YES;
				SDKROOT = iphoneos;
				SWIFT_COMPILATION_MODE = wholemodule;
				SWIFT_OPTIMIZATION_LEVEL = "-O";
				VALIDATE_PRODUCT = YES;
			};
			name = Release;
		};
		CEA20BE728CE54C2002137D0 /* Debug */ = {
			isa = XCBuildConfiguration;
			buildSettings = {
				ASSETCATALOG_COMPILER_APPICON_NAME = AppIcon;
				ASSETCATALOG_COMPILER_GLOBAL_ACCENT_COLOR_NAME = AccentColor;
				ASSETCATALOG_COMPILER_INCLUDE_ALL_APPICON_ASSETS = NO;
				CODE_SIGN_ENTITLEMENTS = GymAI/GymAI.entitlements;
				CODE_SIGN_STYLE = Automatic;
				CURRENT_PROJECT_VERSION = 1;
				DEVELOPMENT_ASSET_PATHS = "\"GymAI/Preview Content\"";
				DEVELOPMENT_TEAM = XX8BFQJ7RJ;
				ENABLE_PREVIEWS = YES;
				GENERATE_INFOPLIST_FILE = YES;
				INFOPLIST_KEY_NSCameraUsageDescription = "this app would need your camera";
				INFOPLIST_KEY_UIApplicationSceneManifest_Generation = YES;
				INFOPLIST_KEY_UIApplicationSupportsIndirectInputEvents = YES;
				INFOPLIST_KEY_UILaunchScreen_Generation = YES;
				INFOPLIST_KEY_UISupportedInterfaceOrientations_iPad = "UIInterfaceOrientationPortrait UIInterfaceOrientationPortraitUpsideDown UIInterfaceOrientationLandscapeLeft UIInterfaceOrientationLandscapeRight";
				IPHONEOS_DEPLOYMENT_TARGET = 15.0;
				LD_RUNPATH_SEARCH_PATHS = (
					"$(inherited)",
					"@executable_path/Frameworks",
				);
				MARKETING_VERSION = 1.0;
				PRODUCT_BUNDLE_IDENTIFIER = josh.GymAI;
				PRODUCT_NAME = "$(TARGET_NAME)";
				SWIFT_EMIT_LOC_STRINGS = YES;
				SWIFT_VERSION = 5.0;
				TARGETED_DEVICE_FAMILY = "1,2";
			};
			name = Debug;
		};
		CEA20BE828CE54C2002137D0 /* Release */ = {
			isa = XCBuildConfiguration;
			buildSettings = {
				ASSETCATALOG_COMPILER_APPICON_NAME = AppIcon;
				ASSETCATALOG_COMPILER_GLOBAL_ACCENT_COLOR_NAME = AccentColor;
				ASSETCATALOG_COMPILER_INCLUDE_ALL_APPICON_ASSETS = NO;
				CODE_SIGN_ENTITLEMENTS = GymAI/GymAI.entitlements;
				CODE_SIGN_STYLE = Automatic;
				CURRENT_PROJECT_VERSION = 1;
				DEVELOPMENT_ASSET_PATHS = "\"GymAI/Preview Content\"";
				DEVELOPMENT_TEAM = XX8BFQJ7RJ;
				ENABLE_PREVIEWS = YES;
				GENERATE_INFOPLIST_FILE = YES;
				INFOPLIST_KEY_NSCameraUsageDescription = "this app would need your camera";
				INFOPLIST_KEY_UIApplicationSceneManifest_Generation = YES;
				INFOPLIST_KEY_UIApplicationSupportsIndirectInputEvents = YES;
				INFOPLIST_KEY_UILaunchScreen_Generation = YES;
				INFOPLIST_KEY_UISupportedInterfaceOrientations_iPad = "UIInterfaceOrientationPortrait UIInterfaceOrientationPortraitUpsideDown UIInterfaceOrientationLandscapeLeft UIInterfaceOrientationLandscapeRight";
				IPHONEOS_DEPLOYMENT_TARGET = 15.0;
				LD_RUNPATH_SEARCH_PATHS = (
					"$(inherited)",
					"@executable_path/Frameworks",
				);
				MARKETING_VERSION = 1.0;
				PRODUCT_BUNDLE_IDENTIFIER = josh.GymAI;
				PRODUCT_NAME = "$(TARGET_NAME)";
				SWIFT_EMIT_LOC_STRINGS = YES;
				SWIFT_VERSION = 5.0;
				TARGETED_DEVICE_FAMILY = "1,2";
			};
			name = Release;
		};
/* End XCBuildConfiguration section */

/* Begin XCConfigurationList section */
		CEA20BD328CE54B9002137D0 /* Build configuration list for PBXProject "GymAI" */ = {
			isa = XCConfigurationList;
			buildConfigurations = (
				CEA20BE428CE54C2002137D0 /* Debug */,
				CEA20BE528CE54C2002137D0 /* Release */,
			);
			defaultConfigurationIsVisible = 0;
			defaultConfigurationName = Release;
		};
		CEA20BE628CE54C2002137D0 /* Build configuration list for PBXNativeTarget "GymAI" */ = {
			isa = XCConfigurationList;
			buildConfigurations = (
				CEA20BE728CE54C2002137D0 /* Debug */,
				CEA20BE828CE54C2002137D0 /* Release */,
			);
			defaultConfigurationIsVisible = 0;
			defaultConfigurationName = Release;
		};
/* End XCConfigurationList section */

/* Begin XCRemoteSwiftPackageReference section */
		CEE83E8B28DE130500B95814 /* XCRemoteSwiftPackageReference "firebase-ios-sdk" */ = {
			isa = XCRemoteSwiftPackageReference;
			repositoryURL = "https://github.com/firebase/firebase-ios-sdk";
			requirement = {
				kind = upToNextMajorVersion;
				minimumVersion = 9.0.0;
			};
		};
		CEE83E9228DE137200B95814 /* XCRemoteSwiftPackageReference "SDWebImageSwiftUI" */ = {
			isa = XCRemoteSwiftPackageReference;
			repositoryURL = "https://github.com/SDWebImage/SDWebImageSwiftUI";
			requirement = {
				kind = upToNextMajorVersion;
				minimumVersion = 2.0.0;
			};
		};
		CEE83E9528DE13D400B95814 /* XCRemoteSwiftPackageReference "lottie-ios" */ = {
			isa = XCRemoteSwiftPackageReference;
			repositoryURL = "https://github.com/airbnb/lottie-ios";
			requirement = {
				branch = master;
				kind = branch;
			};
		};
		CEE83E9828DE141600B95814 /* XCRemoteSwiftPackageReference "GoogleSignIn-iOS" */ = {
			isa = XCRemoteSwiftPackageReference;
			repositoryURL = "https://github.com/google/GoogleSignIn-iOS";
			requirement = {
				kind = upToNextMajorVersion;
				minimumVersion = 6.0.0;
			};
		};
/* End XCRemoteSwiftPackageReference section */

/* Begin XCSwiftPackageProductDependency section */
		CEE83E8C28DE130500B95814 /* FirebaseAuth */ = {
			isa = XCSwiftPackageProductDependency;
			package = CEE83E8B28DE130500B95814 /* XCRemoteSwiftPackageReference "firebase-ios-sdk" */;
			productName = FirebaseAuth;
		};
		CEE83E8E28DE130500B95814 /* FirebaseFirestore */ = {
			isa = XCSwiftPackageProductDependency;
			package = CEE83E8B28DE130500B95814 /* XCRemoteSwiftPackageReference "firebase-ios-sdk" */;
			productName = FirebaseFirestore;
		};
		CEE83E9028DE130500B95814 /* FirebaseStorage */ = {
			isa = XCSwiftPackageProductDependency;
			package = CEE83E8B28DE130500B95814 /* XCRemoteSwiftPackageReference "firebase-ios-sdk" */;
			productName = FirebaseStorage;
		};
		CEE83E9328DE137200B95814 /* SDWebImageSwiftUI */ = {
			isa = XCSwiftPackageProductDependency;
			package = CEE83E9228DE137200B95814 /* XCRemoteSwiftPackageReference "SDWebImageSwiftUI" */;
			productName = SDWebImageSwiftUI;
		};
		CEE83E9628DE13D400B95814 /* Lottie */ = {
			isa = XCSwiftPackageProductDependency;
			package = CEE83E9528DE13D400B95814 /* XCRemoteSwiftPackageReference "lottie-ios" */;
			productName = Lottie;
		};
		CEE83E9928DE141600B95814 /* GoogleSignIn */ = {
			isa = XCSwiftPackageProductDependency;
			package = CEE83E9828DE141600B95814 /* XCRemoteSwiftPackageReference "GoogleSignIn-iOS" */;
			productName = GoogleSignIn;
		};
/* End XCSwiftPackageProductDependency section */
	};
	rootObject = CEA20BD028CE54B9002137D0 /* Project object */;
}
